
Microsoft Visual Studio Solution File, Format Version 12.00
# Visual Studio 15
VisualStudioVersion = 15.0.28307.136
MinimumVisualStudioVersion = 10.0.40219.1
Project("{FAE04EC0-301F-11D3-BF4B-00C04F79EFBC}") = "opt2", "opt2\opt2.csproj", "{369DCC98-54E2-4837-8930-B15ED8629839}"
EndProject
Global
	GlobalSection(SolutionConfigurationPlatforms) = preSolution
		Debug|Any CPU = Debug|Any CPU
		Release|Any CPU = Release|Any CPU
	EndGlobalSection
	GlobalSection(ProjectConfigurationPlatforms) = postSolution
		{369DCC98-54E2-4837-8930-B15ED8629839}.Debug|Any CPU.ActiveCfg = Debug|Any CPU
		{369DCC98-54E2-4837-8930-B15ED8629839}.Debug|Any CPU.Build.0 = Debug|Any CPU
		{369DCC98-54E2-4837-8930-B15ED8629839}.Release|Any CPU.ActiveCfg = Release|Any CPU
		{369DCC98-54E2-4837-8930-B15ED8629839}.Release|Any CPU.Build.0 = Release|Any CPU
	EndGlobalSection
	GlobalSection(SolutionProperties) = preSolution
		HideSolutionNode = FALSE
	EndGlobalSection
	GlobalSection(ExtensibilityGlobals) = postSolution
		SolutionGuid = {3C9C2B96-A294-4E93-9392-CA1B0B6924E4}
	EndGlobalSection
EndGlobal
